
Microsoft Visual Studio Solution File, Format Version 12.00
# Visual Studio Version 16
VisualStudioVersion = 16.0.30011.22
MinimumVisualStudioVersion = 10.0.40219.1
Project("{FAE04EC0-301F-11D3-BF4B-00C04F79EFBC}") = "SuperAdventure", "SuperAdventure\SuperAdventure.csproj", "{46C82559-F3F9-4073-8910-10A00A503677}"
EndProject
Project("{FAE04EC0-301F-11D3-BF4B-00C04F79EFBC}") = "Engine", "Engine\Engine.csproj", "{F58BF210-4CFA-4DA4-A35B-8CB74188FE88}"
EndProject
Global
	GlobalSection(SolutionConfigurationPlatforms) = preSolution
		Debug|Any CPU = Debug|Any CPU
		Release|Any CPU = Release|Any CPU
	EndGlobalSection
	GlobalSection(ProjectConfigurationPlatforms) = postSolution
		{46C82559-F3F9-4073-8910-10A00A503677}.Debug|Any CPU.ActiveCfg = Debug|Any CPU
		{46C82559-F3F9-4073-8910-10A00A503677}.Debug|Any CPU.Build.0 = Debug|Any CPU
		{46C82559-F3F9-4073-8910-10A00A503677}.Release|Any CPU.ActiveCfg = Release|Any CPU
		{46C82559-F3F9-4073-8910-10A00A503677}.Release|Any CPU.Build.0 = Release|Any CPU
		{F58BF210-4CFA-4DA4-A35B-8CB74188FE88}.Debug|Any CPU.ActiveCfg = Debug|Any CPU
		{F58BF210-4CFA-4DA4-A35B-8CB74188FE88}.Debug|Any CPU.Build.0 = Debug|Any CPU
		{F58BF210-4CFA-4DA4-A35B-8CB74188FE88}.Release|Any CPU.ActiveCfg = Release|Any CPU
		{F58BF210-4CFA-4DA4-A35B-8CB74188FE88}.Release|Any CPU.Build.0 = Release|Any CPU
	EndGlobalSection
	GlobalSection(SolutionProperties) = preSolution
		HideSolutionNode = FALSE
	EndGlobalSection
	GlobalSection(ExtensibilityGlobals) = postSolution
		SolutionGuid = {5C003466-B160-4084-AA4E-012FD7C0ED11}
	EndGlobalSection
EndGlobal
